
Microsoft Visual Studio Solution File, Format Version 12.00
# Visual Studio Version 17
VisualStudioVersion = 17.10.35004.147
MinimumVisualStudioVersion = 10.0.40219.1
Project("{FAE04EC0-301F-11D3-BF4B-00C04F79EFBC}") = "Yarp.LoadBalancer", "Yarp.LoadBalancer\Yarp.LoadBalancer.csproj", "{4F90D0A4-4AD0-4A02-93F9-EA957CE29E47}"
EndProject
Global
	GlobalSection(SolutionConfigurationPlatforms) = preSolution
		Debug|Any CPU = Debug|Any CPU
		Release|Any CPU = Release|Any CPU
	EndGlobalSection
	GlobalSection(ProjectConfigurationPlatforms) = postSolution
		{4F90D0A4-4AD0-4A02-93F9-EA957CE29E47}.Debug|Any CPU.ActiveCfg = Debug|Any CPU
		{4F90D0A4-4AD0-4A02-93F9-EA957CE29E47}.Debug|Any CPU.Build.0 = Debug|Any CPU
		{4F90D0A4-4AD0-4A02-93F9-EA957CE29E47}.Release|Any CPU.ActiveCfg = Release|Any CPU
		{4F90D0A4-4AD0-4A02-93F9-EA957CE29E47}.Release|Any CPU.Build.0 = Release|Any CPU
	EndGlobalSection
	GlobalSection(SolutionProperties) = preSolution
		HideSolutionNode = FALSE
	EndGlobalSection
	GlobalSection(ExtensibilityGlobals) = postSolution
		SolutionGuid = {188A4BB4-6255-4DCC-80D2-295933E75B21}
	EndGlobalSection
EndGlobal
